<?xml version="1.0" encoding="utf-8"?>
<Project ToolsVersion="16.0" xmlns="http://schemas.microsoft.com/developer/msbuild/2003">
  <ItemGroup>
    <ClCompile Include="..\..\..\..\..\..\..\..\Drawing\Examples\win\OpenCAD\TX\OCKernel\OCKernel.cpp">
      <Filter>Source Files</Filter>
    </ClCompile>
    <ClCompile Include="..\..\..\..\..\..\..\..\Drawing\Examples\win\OpenCAD\TX\OCKernel\OCKernelLine.cpp">
      <Filter>Source Files</Filter>
    </ClCompile>
    <ClCompile Include="..\..\..\..\..\..\..\..\Drawing\Examples\win\OpenCAD\TX\OCKernel\stdafx.cpp">
      <Filter>Source Files</Filter>
    </ClCompile>
    <ClCompile Include="..\..\..\..\..\..\..\..\Drawing\Examples\win\OpenCAD\TX\OCKernel\OCKernelImport.cpp">
      <Filter>Source Files</Filter>
    </ClCompile>
    <ClCompile Include="..\..\..\..\..\..\..\..\Drawing\Examples\win\OpenCAD\TX\OCKernel\OCKernelModule.cpp">
      <Filter>Source Files</Filter>
    </ClCompile>
  </ItemGroup>
  <ItemGroup>
    <ClInclude Include="..\..\..\..\..\..\..\..\Drawing\Examples\win\OpenCAD\TX\OCKernel\OCKernelImport.h">
      <Filter>Header Files</Filter>
    </ClInclude>
    <ClInclude Include="..\..\..\..\..\..\..\..\Drawing\Examples\win\OpenCAD\TX\OCKernel\stdafx.h">
      <Filter>Header Files</Filter>
    </ClInclude>
    <ClInclude Include="..\..\..\..\..\..\..\..\Drawing\Examples\win\OpenCAD\TX\OCKernel\OCKernelLine.h">
      <Filter>Header Files</Filter>
    </ClInclude>
    <ClInclude Include="..\..\..\..\..\..\..\..\Drawing\Examples\win\OpenCAD\TX\OCKernel\Resource.h">
      <Filter>Header Files</Filter>
    </ClInclude>
    <ClInclude Include="..\..\..\..\..\..\..\..\Drawing\Examples\win\OpenCAD\TX\OCKernel\OCKernel.h">
      <Filter>Header Files</Filter>
    </ClInclude>
    <ClInclude Include="..\..\..\..\..\..\..\..\Drawing\Examples\win\OpenCAD\TX\OCKernel\OCKernelModule.h">
      <Filter>Header Files</Filter>
    </ClInclude>
  </ItemGroup>
  <ItemGroup>
    <None Include="..\..\..\..\..\..\..\..\Drawing\Examples\win\OpenCAD\TX\OCKernel\OCKernel.def">
      <Filter>Source Files</Filter>
    </None>
    <None Include="..\..\..\..\..\..\..\..\Drawing\Examples\win\OpenCAD\TX\OCKernel\res\OCKernel.rc2">
      <Filter>Resource Files</Filter>
    </None>
  </ItemGroup>
  <ItemGroup>
    <ResourceCompile Include="..\..\..\..\..\..\..\..\Drawing\Examples\win\OpenCAD\TX\OCKernel\OCKernel.rc">
      <Filter>Resource Files</Filter>
    </ResourceCompile>
  </ItemGroup>
  <ItemGroup>
    <Filter Include="Header Files">
      <UniqueIdentifier>{6E80807A-5314-3798-B94C-14F74EB6D754}</UniqueIdentifier>
    </Filter>
    <Filter Include="Resource Files">
      <UniqueIdentifier>{CB0B682D-A73F-3CF0-B10E-80E8374BC72B}</UniqueIdentifier>
    </Filter>
    <Filter Include="Source Files">
      <UniqueIdentifier>{FF1B111D-1056-33F6-8908-C799A3AAA2A0}</UniqueIdentifier>
    </Filter>
  </ItemGroup>
</Project>
