Microsoft Visual Studio Solution File, Format Version 12.00
# Visual Studio Version 16
VisualStudioVersion = 16.0.31410.357
MinimumVisualStudioVersion = 10.0.40219.1
Project("{2150E333-8FDC-42A3-9474-1A3956D46DE8}") = "Common Examples", "Common Examples", "{885FCF9E-4AE9-3031-9A40-06A2A0D4201E}"
EndProject
Project("{2150E333-8FDC-42A3-9474-1A3956D46DE8}") = "Products", "Products", "{D7B3D847-DC1B-3F0E-8E32-90295C8679B1}"
EndProject
Project("{2150E333-8FDC-42A3-9474-1A3956D46DE8}") = "Dgn", "Dgn", "{083C487B-2201-36CA-915B-72BA725FEB6E}"
EndProject
Project("{2150E333-8FDC-42A3-9474-1A3956D46DE8}") = "Examples", "Examples", "{B29716AE-0A22-3548-8672-9DB18A288E41}"
EndProject
Project("{2150E333-8FDC-42A3-9474-1A3956D46DE8}") = "Libs", "Libs", "{D23744E2-5E81-3FB3-ABA3-D3E7953F2DA0}"
EndProject
Project("{2150E333-8FDC-42A3-9474-1A3956D46DE8}") = "Drawings", "Drawings", "{C00C8821-048A-3D46-AE03-403F329A5652}"
EndProject
Project("{2150E333-8FDC-42A3-9474-1A3956D46DE8}") = "Examples", "Examples", "{E0175304-20B1-3808-B7CD-CC082DF4FB38}"
EndProject
Project("{2150E333-8FDC-42A3-9474-1A3956D46DE8}") = "Libs", "Libs", "{45895D49-A796-3100-AAD7-02924916E160}"
EndProject
Project("{2150E333-8FDC-42A3-9474-1A3956D46DE8}") = "Kernel", "Kernel", "{B50993F9-FD4D-3533-8964-AB7F12FAA011}"
EndProject
Project("{2150E333-8FDC-42A3-9474-1A3956D46DE8}") = "Examples", "Examples", "{D7427FF6-3A11-383F-A493-4184164CBB75}"
EndProject
Project("{2150E333-8FDC-42A3-9474-1A3956D46DE8}") = "Libs", "Libs", "{44893140-CFEC-3BDF-B632-2BB2B0242690}"
EndProject
Project("{2150E333-8FDC-42A3-9474-1A3956D46DE8}") = "PointCloud", "PointCloud", "{2F8D0AC9-4ACB-378D-9DE4-AD58EFDAE8FE}"
EndProject
Project("{2150E333-8FDC-42A3-9474-1A3956D46DE8}") = "Examples", "Examples", "{CEDA36D5-2E8A-3226-8210-65BC3220630A}"
EndProject
Project("{FAE04EC0-301F-11D3-BF4B-00C04F79EFBC}") = "EvaluationExample", "Swig\SwigODAExamples\Drawings\NetFramework\EvaluationExample\EvaluationExample.csproj", "{C4953668-E280-3FDC-9629-FC1D5F92CF0F}"
	ProjectSection(ProjectDependencies) = postProject
		{2A5DD431-6A92-3B45-9DA0-A4676F03E3FC} = {2A5DD431-6A92-3B45-9DA0-A4676F03E3FC}
	EndProjectSection
EndProject
Project("{FAE04EC0-301F-11D3-BF4B-00C04F79EFBC}") = "ExBrepBuilderSwigMgd", "Swig\SwigODAExamples\Drawings\NetFramework\ExBrepBuilderSwigMgd\ExBrepBuilderSwigMgd.csproj", "{2FB0FDCF-CD56-3D11-962A-AA3B8BFFB153}"
	ProjectSection(ProjectDependencies) = postProject
		{2A5DD431-6A92-3B45-9DA0-A4676F03E3FC} = {2A5DD431-6A92-3B45-9DA0-A4676F03E3FC}
	EndProjectSection
EndProject
Project("{FAE04EC0-301F-11D3-BF4B-00C04F79EFBC}") = "ExDgnCreateSwigMgd", "Swig\SwigODAExamples\Dgn\NetFramework\ExDgnCreateSwigMgd\ExDgnCreateSwigMgd.csproj", "{882C5EFF-8538-3245-A00E-44A3E055FD2F}"
	ProjectSection(ProjectDependencies) = postProject
		{2A5DD431-6A92-3B45-9DA0-A4676F03E3FC} = {2A5DD431-6A92-3B45-9DA0-A4676F03E3FC}
	EndProjectSection
EndProject
Project("{FAE04EC0-301F-11D3-BF4B-00C04F79EFBC}") = "ExDgnDumpSwigMgd", "Swig\SwigODAExamples\Dgn\NetFramework\ExDgnDumpSwigMgd\ExDgnDumpSwigMgd.csproj", "{0CB53F11-6369-306F-A8E7-91508C7202D5}"
	ProjectSection(ProjectDependencies) = postProject
		{2A5DD431-6A92-3B45-9DA0-A4676F03E3FC} = {2A5DD431-6A92-3B45-9DA0-A4676F03E3FC}
		{5C84E7DE-1BEB-325E-8316-06D434B090AE} = {5C84E7DE-1BEB-325E-8316-06D434B090AE}
	EndProjectSection
EndProject
Project("{FAE04EC0-301F-11D3-BF4B-00C04F79EFBC}") = "ExDgnReadWriteSwigMgd", "Swig\SwigODAExamples\Dgn\NetFramework\ExDgnReadWriteSwigMgd\ExDgnReadWriteSwigMgd.csproj", "{DA03C02E-7B23-3A92-BD52-F3B22C52D8CA}"
	ProjectSection(ProjectDependencies) = postProject
		{2A5DD431-6A92-3B45-9DA0-A4676F03E3FC} = {2A5DD431-6A92-3B45-9DA0-A4676F03E3FC}
		{5C84E7DE-1BEB-325E-8316-06D434B090AE} = {5C84E7DE-1BEB-325E-8316-06D434B090AE}
	EndProjectSection
EndProject
Project("{FAE04EC0-301F-11D3-BF4B-00C04F79EFBC}") = "ExDgnSimpleProjectSwigMgd", "Swig\SwigODAExamples\Dgn\NetFramework\ExDgnSimpleProjectSwigMgd\ExDgnSimpleProjectSwigMgd.csproj", "{81F7388A-ECF2-3EFB-8B83-0E391BB1D3CB}"
	ProjectSection(ProjectDependencies) = postProject
		{2A5DD431-6A92-3B45-9DA0-A4676F03E3FC} = {2A5DD431-6A92-3B45-9DA0-A4676F03E3FC}
	EndProjectSection
EndProject
Project("{FAE04EC0-301F-11D3-BF4B-00C04F79EFBC}") = "ExDgnVectorizeSwigMgd", "Swig\SwigODAExamples\Dgn\NetFramework\ExDgnVectorizeSwigMgd\ExDgnVectorizeSwigMgd.csproj", "{55F38670-0EF6-38B9-9917-3D84BB5959B2}"
	ProjectSection(ProjectDependencies) = postProject
		{2A5DD431-6A92-3B45-9DA0-A4676F03E3FC} = {2A5DD431-6A92-3B45-9DA0-A4676F03E3FC}
	EndProjectSection
EndProject
Project("{FAE04EC0-301F-11D3-BF4B-00C04F79EFBC}") = "MultiThreadedDumper", "Swig\SwigODAExamples\Drawings\NetFramework\MultiThreadedDumper\MultiThreadedDumper.csproj", "{BBC2593E-B7AE-370F-9191-0C101A0BCA6C}"
	ProjectSection(ProjectDependencies) = postProject
		{2A5DD431-6A92-3B45-9DA0-A4676F03E3FC} = {2A5DD431-6A92-3B45-9DA0-A4676F03E3FC}
	EndProjectSection
EndProject
Project("{FAE04EC0-301F-11D3-BF4B-00C04F79EFBC}") = "OdBagFilerExSwigMgd", "Swig\SwigODAExamples\Drawings\NetFramework\OdBagFilerExSwigMgd\OdBagFilerExSwigMgd.csproj", "{12CE34F7-ACBF-3043-9D6F-4F4D347C4868}"
	ProjectSection(ProjectDependencies) = postProject
		{2A5DD431-6A92-3B45-9DA0-A4676F03E3FC} = {2A5DD431-6A92-3B45-9DA0-A4676F03E3FC}
	EndProjectSection
EndProject
Project("{FAE04EC0-301F-11D3-BF4B-00C04F79EFBC}") = "OdBrExSwigMgd", "Swig\SwigODAExamples\Drawings\NetFramework\OdBrExSwigMgd\OdBrExSwigMgd.csproj", "{29CE7C61-1500-3EF6-B1B1-77E0DE1EBF70}"
EndProject
Project("{FAE04EC0-301F-11D3-BF4B-00C04F79EFBC}") = "OdColladaExportExSwigMgd", "Swig\SwigODAExamples\Drawings\NetFramework\OdColladaExportExSwigMgd\OdColladaExportExSwigMgd.csproj", "{5AC87CF0-5EC1-3A2F-8DEA-A112953123C4}"
	ProjectSection(ProjectDependencies) = postProject
		{2A5DD431-6A92-3B45-9DA0-A4676F03E3FC} = {2A5DD431-6A92-3B45-9DA0-A4676F03E3FC}
	EndProjectSection
EndProject
Project("{FAE04EC0-301F-11D3-BF4B-00C04F79EFBC}") = "OdCreationNetSwigExampleLib", "Swig\SwigODAExamples\Common\NetFramework\OdCreationNetSwigExampleLib\OdCreationNetSwigExampleLib.csproj", "{2A5DD431-6A92-3B45-9DA0-A4676F03E3FC}"
EndProject
Project("{FAE04EC0-301F-11D3-BF4B-00C04F79EFBC}") = "OdDgnExamplesMgdLib", "Swig\SwigODAExamples\Dgn\NetFramework\OdDgnExamplesMgdLib\OdDgnExamplesMgdLib.csproj", "{92258124-6E35-3424-9257-5BD4C5A4843B}"
	ProjectSection(ProjectDependencies) = postProject
		{5C84E7DE-1BEB-325E-8316-06D434B090AE} = {5C84E7DE-1BEB-325E-8316-06D434B090AE}
	EndProjectSection
EndProject
Project("{FAE04EC0-301F-11D3-BF4B-00C04F79EFBC}") = "OdDgnExamplesUIMgdLib", "Swig\SwigODAExamples\Dgn\NetFramework\OdDgnExamplesUIMgdLib\OdDgnExamplesUIMgdLib.csproj", "{0594C92F-CBC6-3ADF-A951-AC498181C9B7}"
	ProjectSection(ProjectDependencies) = postProject
		{92258124-6E35-3424-9257-5BD4C5A4843B} = {92258124-6E35-3424-9257-5BD4C5A4843B}
		{5C84E7DE-1BEB-325E-8316-06D434B090AE} = {5C84E7DE-1BEB-325E-8316-06D434B090AE}
		{9745D3F8-C014-3608-944E-A393A0C8058E} = {9745D3F8-C014-3608-944E-A393A0C8058E}
	EndProjectSection
EndProject
Project("{FAE04EC0-301F-11D3-BF4B-00C04F79EFBC}") = "OdDrawingsExamplesMgdLib", "Swig\SwigODAExamples\Drawings\NetFramework\OdDrawingsExamplesMgdLib\OdDrawingsExamplesMgdLib.csproj", "{D03C0BB6-5C5B-3234-A5E9-384C8918995A}"
	ProjectSection(ProjectDependencies) = postProject
		{5C84E7DE-1BEB-325E-8316-06D434B090AE} = {5C84E7DE-1BEB-325E-8316-06D434B090AE}
	EndProjectSection
EndProject
Project("{FAE04EC0-301F-11D3-BF4B-00C04F79EFBC}") = "OdDrawingsExamplesUIMgdLib", "Swig\SwigODAExamples\Drawings\NetFramework\OdDrawingsExamplesUIMgdLib\OdDrawingsExamplesUIMgdLib.csproj", "{1B68B1C7-C61D-3726-91F8-A35CB6CFB18A}"
	ProjectSection(ProjectDependencies) = postProject
		{D03C0BB6-5C5B-3234-A5E9-384C8918995A} = {D03C0BB6-5C5B-3234-A5E9-384C8918995A}
		{5C84E7DE-1BEB-325E-8316-06D434B090AE} = {5C84E7DE-1BEB-325E-8316-06D434B090AE}
		{9745D3F8-C014-3608-944E-A393A0C8058E} = {9745D3F8-C014-3608-944E-A393A0C8058E}
	EndProjectSection
EndProject
Project("{FAE04EC0-301F-11D3-BF4B-00C04F79EFBC}") = "OdExGUIComponentsMgdLib", "Swig\SwigODAExamples\Common\NetFramework\OdExGUIComponentsMgdLib\OdExGUIComponentsMgdLib.csproj", "{528F2B09-4C6C-3105-89D8-A8E413B826A8}"
EndProject
Project("{FAE04EC0-301F-11D3-BF4B-00C04F79EFBC}") = "OdExMultiThreadSwigExamples", "Swig\SwigODAExamples\Drawings\NetFramework\OdExMultiThreadSwigExamples\OdExMultiThreadSwigExamples.csproj", "{5C176FBF-5418-3A78-802F-7152E633C8B3}"
	ProjectSection(ProjectDependencies) = postProject
		{2A5DD431-6A92-3B45-9DA0-A4676F03E3FC} = {2A5DD431-6A92-3B45-9DA0-A4676F03E3FC}
	EndProjectSection
EndProject
Project("{FAE04EC0-301F-11D3-BF4B-00C04F79EFBC}") = "OdExNonCOMPropertiesSwig", "Swig\SwigODAExamples\Drawings\NetFramework\OdExNonCOMPropertiesSwig\OdExNonCOMPropertiesSwig.csproj", "{7C25B65F-B7C1-3B1E-8455-8140B32C2768}"
	ProjectSection(ProjectDependencies) = postProject
		{2A5DD431-6A92-3B45-9DA0-A4676F03E3FC} = {2A5DD431-6A92-3B45-9DA0-A4676F03E3FC}
	EndProjectSection
EndProject
Project("{FAE04EC0-301F-11D3-BF4B-00C04F79EFBC}") = "OdExPointCloudConverterSampleSwig", "Swig\SwigODAExamples\PointCloud\NetFramework\OdExPointCloudConverterSampleSwig\OdExPointCloudConverterSampleSwig.csproj", "{FA28037F-C462-3FD1-B2AC-15FDC045466E}"
	ProjectSection(ProjectDependencies) = postProject
		{2A5DD431-6A92-3B45-9DA0-A4676F03E3FC} = {2A5DD431-6A92-3B45-9DA0-A4676F03E3FC}
	EndProjectSection
EndProject
Project("{FAE04EC0-301F-11D3-BF4B-00C04F79EFBC}") = "OdExRcsPointCloudReadExSwig", "Swig\SwigODAExamples\PointCloud\NetFramework\OdExRcsPointCloudReadExSwig\OdExRcsPointCloudReadExSwig.csproj", "{BCD2C74E-2E3F-314A-9CF7-8A4614AB33F8}"
	ProjectSection(ProjectDependencies) = postProject
		{2A5DD431-6A92-3B45-9DA0-A4676F03E3FC} = {2A5DD431-6A92-3B45-9DA0-A4676F03E3FC}
	EndProjectSection
EndProject
Project("{FAE04EC0-301F-11D3-BF4B-00C04F79EFBC}") = "OdExWpfSampleDirectX", "Swig\SwigODAExamples\Drawings\NetFramework\OdExWpfSampleDirectX\OdExWpfSampleDirectX.csproj", "{D1043837-A22F-3795-A3BF-ED8B60C60462}"
	ProjectSection(ProjectDependencies) = postProject
		{D03C0BB6-5C5B-3234-A5E9-384C8918995A} = {D03C0BB6-5C5B-3234-A5E9-384C8918995A}
		{1B68B1C7-C61D-3726-91F8-A35CB6CFB18A} = {1B68B1C7-C61D-3726-91F8-A35CB6CFB18A}
		{5C84E7DE-1BEB-325E-8316-06D434B090AE} = {5C84E7DE-1BEB-325E-8316-06D434B090AE}
		{9745D3F8-C014-3608-944E-A393A0C8058E} = {9745D3F8-C014-3608-944E-A393A0C8058E}
	EndProjectSection
EndProject
Project("{FAE04EC0-301F-11D3-BF4B-00C04F79EFBC}") = "OdExWpfSampleWinFormsHost", "Swig\SwigODAExamples\Drawings\NetFramework\OdExWpfSampleWinFormsHost\OdExWpfSampleWinFormsHost.csproj", "{15710267-D014-3029-A0F5-1F3E181B1041}"
	ProjectSection(ProjectDependencies) = postProject
		{D03C0BB6-5C5B-3234-A5E9-384C8918995A} = {D03C0BB6-5C5B-3234-A5E9-384C8918995A}
		{1B68B1C7-C61D-3726-91F8-A35CB6CFB18A} = {1B68B1C7-C61D-3726-91F8-A35CB6CFB18A}
		{5C84E7DE-1BEB-325E-8316-06D434B090AE} = {5C84E7DE-1BEB-325E-8316-06D434B090AE}
		{9745D3F8-C014-3608-944E-A393A0C8058E} = {9745D3F8-C014-3608-944E-A393A0C8058E}
	EndProjectSection
EndProject
Project("{FAE04EC0-301F-11D3-BF4B-00C04F79EFBC}") = "OdKernelExamplesMgdLib", "Swig\SwigODAExamples\Kernel\NetFramework\OdKernelExamplesMgdLib\OdKernelExamplesMgdLib.csproj", "{5C84E7DE-1BEB-325E-8316-06D434B090AE}"
EndProject
Project("{FAE04EC0-301F-11D3-BF4B-00C04F79EFBC}") = "OdKernelExamplesUIMgdLib", "Swig\SwigODAExamples\Kernel\NetFramework\OdKernelExamplesUIMgdLib\OdKernelExamplesUIMgdLib.csproj", "{9745D3F8-C014-3608-944E-A393A0C8058E}"
	ProjectSection(ProjectDependencies) = postProject
		{5C84E7DE-1BEB-325E-8316-06D434B090AE} = {5C84E7DE-1BEB-325E-8316-06D434B090AE}
	EndProjectSection
EndProject
Project("{FAE04EC0-301F-11D3-BF4B-00C04F79EFBC}") = "OdReadExSwigMgd", "Swig\SwigODAExamples\Drawings\NetFramework\OdReadExSwigMgd\OdReadExSwigMgd.csproj", "{8FE9DF6C-119E-3A20-994A-FC0DDA6ADAE6}"
	ProjectSection(ProjectDependencies) = postProject
		{2A5DD431-6A92-3B45-9DA0-A4676F03E3FC} = {2A5DD431-6A92-3B45-9DA0-A4676F03E3FC}
	EndProjectSection
EndProject
Project("{FAE04EC0-301F-11D3-BF4B-00C04F79EFBC}") = "OdWriteExSwigMgd", "Swig\SwigODAExamples\Drawings\NetFramework\OdWriteExSwigMgd\OdWriteExSwigMgd.csproj", "{63A842B1-7219-3EB7-83DA-7C7E3632974C}"
	ProjectSection(ProjectDependencies) = postProject
		{2A5DD431-6A92-3B45-9DA0-A4676F03E3FC} = {2A5DD431-6A92-3B45-9DA0-A4676F03E3FC}
	EndProjectSection
EndProject
Project("{FAE04EC0-301F-11D3-BF4B-00C04F79EFBC}") = "OdaDgnAppSwigMgd", "Swig\SwigODAExamples\Dgn\NetFramework\OdaDgnAppSwigMgd\OdaDgnAppSwigMgd.csproj", "{474DD0A3-72F5-3A77-8C0F-6926093823B1}"
	ProjectSection(ProjectDependencies) = postProject
		{5C84E7DE-1BEB-325E-8316-06D434B090AE} = {5C84E7DE-1BEB-325E-8316-06D434B090AE}
		{9745D3F8-C014-3608-944E-A393A0C8058E} = {9745D3F8-C014-3608-944E-A393A0C8058E}
	EndProjectSection
EndProject
Project("{FAE04EC0-301F-11D3-BF4B-00C04F79EFBC}") = "OdaDwgAppSwigMgd", "Swig\SwigODAExamples\Drawings\NetFramework\OdaDwgAppSwigMgd\OdaDwgAppSwigMgd.csproj", "{2DBEF32A-4882-3ED2-96B3-4AEBE0C309BE}"
	ProjectSection(ProjectDependencies) = postProject
		{528F2B09-4C6C-3105-89D8-A8E413B826A8} = {528F2B09-4C6C-3105-89D8-A8E413B826A8}
		{5C84E7DE-1BEB-325E-8316-06D434B090AE} = {5C84E7DE-1BEB-325E-8316-06D434B090AE}
		{9745D3F8-C014-3608-944E-A393A0C8058E} = {9745D3F8-C014-3608-944E-A393A0C8058E}
	EndProjectSection
EndProject
Project("{FAE04EC0-301F-11D3-BF4B-00C04F79EFBC}") = "OdaSDK_First_Net_App", "Swig\SwigODAExamples\Drawings\NetFramework\OdaSDK_First_Net_App\OdaSDK_First_Net_App.csproj", "{ACDC14CE-9CF4-3F0E-B772-6221F5C70B35}"
EndProject
Project("{9A19103F-16F7-4668-BE54-9A1E7A4F7556}") = "rayon-core", "..\..\..\rayon-dotnet\rayon-core\rayon-core.csproj", "{F3B4FF55-346B-44A6-A8ED-6CEAFED7D8A1}"
EndProject
Global
	GlobalSection(SolutionConfigurationPlatforms) = preSolution
		Debug|Any CPU = Debug|Any CPU
		Debug|x64 = Debug|x64
		Release|Any CPU = Release|Any CPU
		Release|x64 = Release|x64
	EndGlobalSection
	GlobalSection(ProjectConfigurationPlatforms) = postSolution
		{C4953668-E280-3FDC-9629-FC1D5F92CF0F}.Debug|Any CPU.ActiveCfg = Release|x64
		{C4953668-E280-3FDC-9629-FC1D5F92CF0F}.Debug|Any CPU.Build.0 = Release|x64
		{C4953668-E280-3FDC-9629-FC1D5F92CF0F}.Debug|x64.ActiveCfg = Release|x64
		{C4953668-E280-3FDC-9629-FC1D5F92CF0F}.Debug|x64.Build.0 = Release|x64
		{C4953668-E280-3FDC-9629-FC1D5F92CF0F}.Release|Any CPU.ActiveCfg = Release|x64
		{C4953668-E280-3FDC-9629-FC1D5F92CF0F}.Release|x64.ActiveCfg = Release|x64
		{C4953668-E280-3FDC-9629-FC1D5F92CF0F}.Release|x64.Build.0 = Release|x64
		{2FB0FDCF-CD56-3D11-962A-AA3B8BFFB153}.Debug|Any CPU.ActiveCfg = Release|x64
		{2FB0FDCF-CD56-3D11-962A-AA3B8BFFB153}.Debug|Any CPU.Build.0 = Release|x64
		{2FB0FDCF-CD56-3D11-962A-AA3B8BFFB153}.Debug|x64.ActiveCfg = Release|x64
		{2FB0FDCF-CD56-3D11-962A-AA3B8BFFB153}.Debug|x64.Build.0 = Release|x64
		{2FB0FDCF-CD56-3D11-962A-AA3B8BFFB153}.Release|Any CPU.ActiveCfg = Release|x64
		{2FB0FDCF-CD56-3D11-962A-AA3B8BFFB153}.Release|x64.ActiveCfg = Release|x64
		{2FB0FDCF-CD56-3D11-962A-AA3B8BFFB153}.Release|x64.Build.0 = Release|x64
		{882C5EFF-8538-3245-A00E-44A3E055FD2F}.Debug|Any CPU.ActiveCfg = Release|x64
		{882C5EFF-8538-3245-A00E-44A3E055FD2F}.Debug|Any CPU.Build.0 = Release|x64
		{882C5EFF-8538-3245-A00E-44A3E055FD2F}.Debug|x64.ActiveCfg = Release|x64
		{882C5EFF-8538-3245-A00E-44A3E055FD2F}.Debug|x64.Build.0 = Release|x64
		{882C5EFF-8538-3245-A00E-44A3E055FD2F}.Release|Any CPU.ActiveCfg = Release|x64
		{882C5EFF-8538-3245-A00E-44A3E055FD2F}.Release|x64.ActiveCfg = Release|x64
		{882C5EFF-8538-3245-A00E-44A3E055FD2F}.Release|x64.Build.0 = Release|x64
		{0CB53F11-6369-306F-A8E7-91508C7202D5}.Debug|Any CPU.ActiveCfg = Release|x64
		{0CB53F11-6369-306F-A8E7-91508C7202D5}.Debug|Any CPU.Build.0 = Release|x64
		{0CB53F11-6369-306F-A8E7-91508C7202D5}.Debug|x64.ActiveCfg = Release|x64
		{0CB53F11-6369-306F-A8E7-91508C7202D5}.Debug|x64.Build.0 = Release|x64
		{0CB53F11-6369-306F-A8E7-91508C7202D5}.Release|Any CPU.ActiveCfg = Release|x64
		{0CB53F11-6369-306F-A8E7-91508C7202D5}.Release|x64.ActiveCfg = Release|x64
		{0CB53F11-6369-306F-A8E7-91508C7202D5}.Release|x64.Build.0 = Release|x64
		{DA03C02E-7B23-3A92-BD52-F3B22C52D8CA}.Debug|Any CPU.ActiveCfg = Release|x64
		{DA03C02E-7B23-3A92-BD52-F3B22C52D8CA}.Debug|Any CPU.Build.0 = Release|x64
		{DA03C02E-7B23-3A92-BD52-F3B22C52D8CA}.Debug|x64.ActiveCfg = Release|x64
		{DA03C02E-7B23-3A92-BD52-F3B22C52D8CA}.Debug|x64.Build.0 = Release|x64
		{DA03C02E-7B23-3A92-BD52-F3B22C52D8CA}.Release|Any CPU.ActiveCfg = Release|x64
		{DA03C02E-7B23-3A92-BD52-F3B22C52D8CA}.Release|x64.ActiveCfg = Release|x64
		{DA03C02E-7B23-3A92-BD52-F3B22C52D8CA}.Release|x64.Build.0 = Release|x64
		{81F7388A-ECF2-3EFB-8B83-0E391BB1D3CB}.Debug|Any CPU.ActiveCfg = Release|x64
		{81F7388A-ECF2-3EFB-8B83-0E391BB1D3CB}.Debug|Any CPU.Build.0 = Release|x64
		{81F7388A-ECF2-3EFB-8B83-0E391BB1D3CB}.Debug|x64.ActiveCfg = Release|x64
		{81F7388A-ECF2-3EFB-8B83-0E391BB1D3CB}.Debug|x64.Build.0 = Release|x64
		{81F7388A-ECF2-3EFB-8B83-0E391BB1D3CB}.Release|Any CPU.ActiveCfg = Release|x64
		{81F7388A-ECF2-3EFB-8B83-0E391BB1D3CB}.Release|x64.ActiveCfg = Release|x64
		{81F7388A-ECF2-3EFB-8B83-0E391BB1D3CB}.Release|x64.Build.0 = Release|x64
		{55F38670-0EF6-38B9-9917-3D84BB5959B2}.Debug|Any CPU.ActiveCfg = Release|x64
		{55F38670-0EF6-38B9-9917-3D84BB5959B2}.Debug|Any CPU.Build.0 = Release|x64
		{55F38670-0EF6-38B9-9917-3D84BB5959B2}.Debug|x64.ActiveCfg = Release|x64
		{55F38670-0EF6-38B9-9917-3D84BB5959B2}.Debug|x64.Build.0 = Release|x64
		{55F38670-0EF6-38B9-9917-3D84BB5959B2}.Release|Any CPU.ActiveCfg = Release|x64
		{55F38670-0EF6-38B9-9917-3D84BB5959B2}.Release|x64.ActiveCfg = Release|x64
		{55F38670-0EF6-38B9-9917-3D84BB5959B2}.Release|x64.Build.0 = Release|x64
		{BBC2593E-B7AE-370F-9191-0C101A0BCA6C}.Debug|Any CPU.ActiveCfg = Release|x64
		{BBC2593E-B7AE-370F-9191-0C101A0BCA6C}.Debug|Any CPU.Build.0 = Release|x64
		{BBC2593E-B7AE-370F-9191-0C101A0BCA6C}.Debug|x64.ActiveCfg = Release|x64
		{BBC2593E-B7AE-370F-9191-0C101A0BCA6C}.Debug|x64.Build.0 = Release|x64
		{BBC2593E-B7AE-370F-9191-0C101A0BCA6C}.Release|Any CPU.ActiveCfg = Release|x64
		{BBC2593E-B7AE-370F-9191-0C101A0BCA6C}.Release|x64.ActiveCfg = Release|x64
		{BBC2593E-B7AE-370F-9191-0C101A0BCA6C}.Release|x64.Build.0 = Release|x64
		{12CE34F7-ACBF-3043-9D6F-4F4D347C4868}.Debug|Any CPU.ActiveCfg = Release|x64
		{12CE34F7-ACBF-3043-9D6F-4F4D347C4868}.Debug|Any CPU.Build.0 = Release|x64
		{12CE34F7-ACBF-3043-9D6F-4F4D347C4868}.Debug|x64.ActiveCfg = Release|x64
		{12CE34F7-ACBF-3043-9D6F-4F4D347C4868}.Debug|x64.Build.0 = Release|x64
		{12CE34F7-ACBF-3043-9D6F-4F4D347C4868}.Release|Any CPU.ActiveCfg = Release|x64
		{12CE34F7-ACBF-3043-9D6F-4F4D347C4868}.Release|x64.ActiveCfg = Release|x64
		{12CE34F7-ACBF-3043-9D6F-4F4D347C4868}.Release|x64.Build.0 = Release|x64
		{29CE7C61-1500-3EF6-B1B1-77E0DE1EBF70}.Debug|Any CPU.ActiveCfg = Release|x64
		{29CE7C61-1500-3EF6-B1B1-77E0DE1EBF70}.Debug|Any CPU.Build.0 = Release|x64
		{29CE7C61-1500-3EF6-B1B1-77E0DE1EBF70}.Debug|x64.ActiveCfg = Release|x64
		{29CE7C61-1500-3EF6-B1B1-77E0DE1EBF70}.Debug|x64.Build.0 = Release|x64
		{29CE7C61-1500-3EF6-B1B1-77E0DE1EBF70}.Release|Any CPU.ActiveCfg = Release|x64
		{29CE7C61-1500-3EF6-B1B1-77E0DE1EBF70}.Release|x64.ActiveCfg = Release|x64
		{29CE7C61-1500-3EF6-B1B1-77E0DE1EBF70}.Release|x64.Build.0 = Release|x64
		{5AC87CF0-5EC1-3A2F-8DEA-A112953123C4}.Debug|Any CPU.ActiveCfg = Release|x64
		{5AC87CF0-5EC1-3A2F-8DEA-A112953123C4}.Debug|Any CPU.Build.0 = Release|x64
		{5AC87CF0-5EC1-3A2F-8DEA-A112953123C4}.Debug|x64.ActiveCfg = Release|x64
		{5AC87CF0-5EC1-3A2F-8DEA-A112953123C4}.Debug|x64.Build.0 = Release|x64
		{5AC87CF0-5EC1-3A2F-8DEA-A112953123C4}.Release|Any CPU.ActiveCfg = Release|x64
		{5AC87CF0-5EC1-3A2F-8DEA-A112953123C4}.Release|x64.ActiveCfg = Release|x64
		{5AC87CF0-5EC1-3A2F-8DEA-A112953123C4}.Release|x64.Build.0 = Release|x64
		{2A5DD431-6A92-3B45-9DA0-A4676F03E3FC}.Debug|Any CPU.ActiveCfg = Release|x64
		{2A5DD431-6A92-3B45-9DA0-A4676F03E3FC}.Debug|Any CPU.Build.0 = Release|x64
		{2A5DD431-6A92-3B45-9DA0-A4676F03E3FC}.Debug|x64.ActiveCfg = Release|x64
		{2A5DD431-6A92-3B45-9DA0-A4676F03E3FC}.Debug|x64.Build.0 = Release|x64
		{2A5DD431-6A92-3B45-9DA0-A4676F03E3FC}.Release|Any CPU.ActiveCfg = Release|x64
		{2A5DD431-6A92-3B45-9DA0-A4676F03E3FC}.Release|x64.ActiveCfg = Release|x64
		{2A5DD431-6A92-3B45-9DA0-A4676F03E3FC}.Release|x64.Build.0 = Release|x64
		{92258124-6E35-3424-9257-5BD4C5A4843B}.Debug|Any CPU.ActiveCfg = Release|x64
		{92258124-6E35-3424-9257-5BD4C5A4843B}.Debug|Any CPU.Build.0 = Release|x64
		{92258124-6E35-3424-9257-5BD4C5A4843B}.Debug|x64.ActiveCfg = Release|x64
		{92258124-6E35-3424-9257-5BD4C5A4843B}.Debug|x64.Build.0 = Release|x64
		{92258124-6E35-3424-9257-5BD4C5A4843B}.Release|Any CPU.ActiveCfg = Release|x64
		{92258124-6E35-3424-9257-5BD4C5A4843B}.Release|x64.ActiveCfg = Release|x64
		{92258124-6E35-3424-9257-5BD4C5A4843B}.Release|x64.Build.0 = Release|x64
		{0594C92F-CBC6-3ADF-A951-AC498181C9B7}.Debug|Any CPU.ActiveCfg = Release|x64
		{0594C92F-CBC6-3ADF-A951-AC498181C9B7}.Debug|Any CPU.Build.0 = Release|x64
		{0594C92F-CBC6-3ADF-A951-AC498181C9B7}.Debug|x64.ActiveCfg = Release|x64
		{0594C92F-CBC6-3ADF-A951-AC498181C9B7}.Debug|x64.Build.0 = Release|x64
		{0594C92F-CBC6-3ADF-A951-AC498181C9B7}.Release|Any CPU.ActiveCfg = Release|x64
		{0594C92F-CBC6-3ADF-A951-AC498181C9B7}.Release|x64.ActiveCfg = Release|x64
		{0594C92F-CBC6-3ADF-A951-AC498181C9B7}.Release|x64.Build.0 = Release|x64
		{D03C0BB6-5C5B-3234-A5E9-384C8918995A}.Debug|Any CPU.ActiveCfg = Release|x64
		{D03C0BB6-5C5B-3234-A5E9-384C8918995A}.Debug|Any CPU.Build.0 = Release|x64
		{D03C0BB6-5C5B-3234-A5E9-384C8918995A}.Debug|x64.ActiveCfg = Release|x64
		{D03C0BB6-5C5B-3234-A5E9-384C8918995A}.Debug|x64.Build.0 = Release|x64
		{D03C0BB6-5C5B-3234-A5E9-384C8918995A}.Release|Any CPU.ActiveCfg = Release|x64
		{D03C0BB6-5C5B-3234-A5E9-384C8918995A}.Release|x64.ActiveCfg = Release|x64
		{D03C0BB6-5C5B-3234-A5E9-384C8918995A}.Release|x64.Build.0 = Release|x64
		{1B68B1C7-C61D-3726-91F8-A35CB6CFB18A}.Debug|Any CPU.ActiveCfg = Release|x64
		{1B68B1C7-C61D-3726-91F8-A35CB6CFB18A}.Debug|Any CPU.Build.0 = Release|x64
		{1B68B1C7-C61D-3726-91F8-A35CB6CFB18A}.Debug|x64.ActiveCfg = Release|x64
		{1B68B1C7-C61D-3726-91F8-A35CB6CFB18A}.Debug|x64.Build.0 = Release|x64
		{1B68B1C7-C61D-3726-91F8-A35CB6CFB18A}.Release|Any CPU.ActiveCfg = Release|x64
		{1B68B1C7-C61D-3726-91F8-A35CB6CFB18A}.Release|x64.ActiveCfg = Release|x64
		{1B68B1C7-C61D-3726-91F8-A35CB6CFB18A}.Release|x64.Build.0 = Release|x64
		{528F2B09-4C6C-3105-89D8-A8E413B826A8}.Debug|Any CPU.ActiveCfg = Release|x64
		{528F2B09-4C6C-3105-89D8-A8E413B826A8}.Debug|Any CPU.Build.0 = Release|x64
		{528F2B09-4C6C-3105-89D8-A8E413B826A8}.Debug|x64.ActiveCfg = Release|x64
		{528F2B09-4C6C-3105-89D8-A8E413B826A8}.Debug|x64.Build.0 = Release|x64
		{528F2B09-4C6C-3105-89D8-A8E413B826A8}.Release|Any CPU.ActiveCfg = Release|x64
		{528F2B09-4C6C-3105-89D8-A8E413B826A8}.Release|x64.ActiveCfg = Release|x64
		{528F2B09-4C6C-3105-89D8-A8E413B826A8}.Release|x64.Build.0 = Release|x64
		{5C176FBF-5418-3A78-802F-7152E633C8B3}.Debug|Any CPU.ActiveCfg = Release|x64
		{5C176FBF-5418-3A78-802F-7152E633C8B3}.Debug|Any CPU.Build.0 = Release|x64
		{5C176FBF-5418-3A78-802F-7152E633C8B3}.Debug|x64.ActiveCfg = Release|x64
		{5C176FBF-5418-3A78-802F-7152E633C8B3}.Debug|x64.Build.0 = Release|x64
		{5C176FBF-5418-3A78-802F-7152E633C8B3}.Release|Any CPU.ActiveCfg = Release|x64
		{5C176FBF-5418-3A78-802F-7152E633C8B3}.Release|x64.ActiveCfg = Release|x64
		{5C176FBF-5418-3A78-802F-7152E633C8B3}.Release|x64.Build.0 = Release|x64
		{7C25B65F-B7C1-3B1E-8455-8140B32C2768}.Debug|Any CPU.ActiveCfg = Release|x64
		{7C25B65F-B7C1-3B1E-8455-8140B32C2768}.Debug|Any CPU.Build.0 = Release|x64
		{7C25B65F-B7C1-3B1E-8455-8140B32C2768}.Debug|x64.ActiveCfg = Release|x64
		{7C25B65F-B7C1-3B1E-8455-8140B32C2768}.Debug|x64.Build.0 = Release|x64
		{7C25B65F-B7C1-3B1E-8455-8140B32C2768}.Release|Any CPU.ActiveCfg = Release|x64
		{7C25B65F-B7C1-3B1E-8455-8140B32C2768}.Release|x64.ActiveCfg = Release|x64
		{7C25B65F-B7C1-3B1E-8455-8140B32C2768}.Release|x64.Build.0 = Release|x64
		{FA28037F-C462-3FD1-B2AC-15FDC045466E}.Debug|Any CPU.ActiveCfg = Release|x64
		{FA28037F-C462-3FD1-B2AC-15FDC045466E}.Debug|Any CPU.Build.0 = Release|x64
		{FA28037F-C462-3FD1-B2AC-15FDC045466E}.Debug|x64.ActiveCfg = Release|x64
		{FA28037F-C462-3FD1-B2AC-15FDC045466E}.Debug|x64.Build.0 = Release|x64
		{FA28037F-C462-3FD1-B2AC-15FDC045466E}.Release|Any CPU.ActiveCfg = Release|x64
		{FA28037F-C462-3FD1-B2AC-15FDC045466E}.Release|x64.ActiveCfg = Release|x64
		{FA28037F-C462-3FD1-B2AC-15FDC045466E}.Release|x64.Build.0 = Release|x64
		{BCD2C74E-2E3F-314A-9CF7-8A4614AB33F8}.Debug|Any CPU.ActiveCfg = Release|x64
		{BCD2C74E-2E3F-314A-9CF7-8A4614AB33F8}.Debug|Any CPU.Build.0 = Release|x64
		{BCD2C74E-2E3F-314A-9CF7-8A4614AB33F8}.Debug|x64.ActiveCfg = Release|x64
		{BCD2C74E-2E3F-314A-9CF7-8A4614AB33F8}.Debug|x64.Build.0 = Release|x64
		{BCD2C74E-2E3F-314A-9CF7-8A4614AB33F8}.Release|Any CPU.ActiveCfg = Release|x64
		{BCD2C74E-2E3F-314A-9CF7-8A4614AB33F8}.Release|x64.ActiveCfg = Release|x64
		{BCD2C74E-2E3F-314A-9CF7-8A4614AB33F8}.Release|x64.Build.0 = Release|x64
		{D1043837-A22F-3795-A3BF-ED8B60C60462}.Debug|Any CPU.ActiveCfg = Release|x64
		{D1043837-A22F-3795-A3BF-ED8B60C60462}.Debug|Any CPU.Build.0 = Release|x64
		{D1043837-A22F-3795-A3BF-ED8B60C60462}.Debug|x64.ActiveCfg = Release|x64
		{D1043837-A22F-3795-A3BF-ED8B60C60462}.Debug|x64.Build.0 = Release|x64
		{D1043837-A22F-3795-A3BF-ED8B60C60462}.Release|Any CPU.ActiveCfg = Release|x64
		{D1043837-A22F-3795-A3BF-ED8B60C60462}.Release|x64.ActiveCfg = Release|x64
		{D1043837-A22F-3795-A3BF-ED8B60C60462}.Release|x64.Build.0 = Release|x64
		{15710267-D014-3029-A0F5-1F3E181B1041}.Debug|Any CPU.ActiveCfg = Release|x64
		{15710267-D014-3029-A0F5-1F3E181B1041}.Debug|Any CPU.Build.0 = Release|x64
		{15710267-D014-3029-A0F5-1F3E181B1041}.Debug|x64.ActiveCfg = Release|x64
		{15710267-D014-3029-A0F5-1F3E181B1041}.Debug|x64.Build.0 = Release|x64
		{15710267-D014-3029-A0F5-1F3E181B1041}.Release|Any CPU.ActiveCfg = Release|x64
		{15710267-D014-3029-A0F5-1F3E181B1041}.Release|x64.ActiveCfg = Release|x64
		{15710267-D014-3029-A0F5-1F3E181B1041}.Release|x64.Build.0 = Release|x64
		{5C84E7DE-1BEB-325E-8316-06D434B090AE}.Debug|Any CPU.ActiveCfg = Release|x64
		{5C84E7DE-1BEB-325E-8316-06D434B090AE}.Debug|Any CPU.Build.0 = Release|x64
		{5C84E7DE-1BEB-325E-8316-06D434B090AE}.Debug|x64.ActiveCfg = Release|x64
		{5C84E7DE-1BEB-325E-8316-06D434B090AE}.Debug|x64.Build.0 = Release|x64
		{5C84E7DE-1BEB-325E-8316-06D434B090AE}.Release|Any CPU.ActiveCfg = Release|x64
		{5C84E7DE-1BEB-325E-8316-06D434B090AE}.Release|x64.ActiveCfg = Release|x64
		{5C84E7DE-1BEB-325E-8316-06D434B090AE}.Release|x64.Build.0 = Release|x64
		{9745D3F8-C014-3608-944E-A393A0C8058E}.Debug|Any CPU.ActiveCfg = Release|x64
		{9745D3F8-C014-3608-944E-A393A0C8058E}.Debug|Any CPU.Build.0 = Release|x64
		{9745D3F8-C014-3608-944E-A393A0C8058E}.Debug|x64.ActiveCfg = Release|x64
		{9745D3F8-C014-3608-944E-A393A0C8058E}.Debug|x64.Build.0 = Release|x64
		{9745D3F8-C014-3608-944E-A393A0C8058E}.Release|Any CPU.ActiveCfg = Release|x64
		{9745D3F8-C014-3608-944E-A393A0C8058E}.Release|x64.ActiveCfg = Release|x64
		{9745D3F8-C014-3608-944E-A393A0C8058E}.Release|x64.Build.0 = Release|x64
		{8FE9DF6C-119E-3A20-994A-FC0DDA6ADAE6}.Debug|Any CPU.ActiveCfg = Release|x64
		{8FE9DF6C-119E-3A20-994A-FC0DDA6ADAE6}.Debug|Any CPU.Build.0 = Release|x64
		{8FE9DF6C-119E-3A20-994A-FC0DDA6ADAE6}.Debug|x64.ActiveCfg = Release|x64
		{8FE9DF6C-119E-3A20-994A-FC0DDA6ADAE6}.Debug|x64.Build.0 = Release|x64
		{8FE9DF6C-119E-3A20-994A-FC0DDA6ADAE6}.Release|Any CPU.ActiveCfg = Release|x64
		{8FE9DF6C-119E-3A20-994A-FC0DDA6ADAE6}.Release|x64.ActiveCfg = Release|x64
		{8FE9DF6C-119E-3A20-994A-FC0DDA6ADAE6}.Release|x64.Build.0 = Release|x64
		{63A842B1-7219-3EB7-83DA-7C7E3632974C}.Debug|Any CPU.ActiveCfg = Release|x64
		{63A842B1-7219-3EB7-83DA-7C7E3632974C}.Debug|Any CPU.Build.0 = Release|x64
		{63A842B1-7219-3EB7-83DA-7C7E3632974C}.Debug|x64.ActiveCfg = Release|x64
		{63A842B1-7219-3EB7-83DA-7C7E3632974C}.Debug|x64.Build.0 = Release|x64
		{63A842B1-7219-3EB7-83DA-7C7E3632974C}.Release|Any CPU.ActiveCfg = Release|x64
		{63A842B1-7219-3EB7-83DA-7C7E3632974C}.Release|x64.ActiveCfg = Release|x64
		{63A842B1-7219-3EB7-83DA-7C7E3632974C}.Release|x64.Build.0 = Release|x64
		{474DD0A3-72F5-3A77-8C0F-6926093823B1}.Debug|Any CPU.ActiveCfg = Release|x64
		{474DD0A3-72F5-3A77-8C0F-6926093823B1}.Debug|Any CPU.Build.0 = Release|x64
		{474DD0A3-72F5-3A77-8C0F-6926093823B1}.Debug|x64.ActiveCfg = Release|x64
		{474DD0A3-72F5-3A77-8C0F-6926093823B1}.Debug|x64.Build.0 = Release|x64
		{474DD0A3-72F5-3A77-8C0F-6926093823B1}.Release|Any CPU.ActiveCfg = Release|x64
		{474DD0A3-72F5-3A77-8C0F-6926093823B1}.Release|x64.ActiveCfg = Release|x64
		{474DD0A3-72F5-3A77-8C0F-6926093823B1}.Release|x64.Build.0 = Release|x64
		{2DBEF32A-4882-3ED2-96B3-4AEBE0C309BE}.Debug|Any CPU.ActiveCfg = Release|x64
		{2DBEF32A-4882-3ED2-96B3-4AEBE0C309BE}.Debug|Any CPU.Build.0 = Release|x64
		{2DBEF32A-4882-3ED2-96B3-4AEBE0C309BE}.Debug|x64.ActiveCfg = Release|x64
		{2DBEF32A-4882-3ED2-96B3-4AEBE0C309BE}.Debug|x64.Build.0 = Release|x64
		{2DBEF32A-4882-3ED2-96B3-4AEBE0C309BE}.Release|Any CPU.ActiveCfg = Release|x64
		{2DBEF32A-4882-3ED2-96B3-4AEBE0C309BE}.Release|x64.ActiveCfg = Release|x64
		{2DBEF32A-4882-3ED2-96B3-4AEBE0C309BE}.Release|x64.Build.0 = Release|x64
		{ACDC14CE-9CF4-3F0E-B772-6221F5C70B35}.Debug|Any CPU.ActiveCfg = Release|x64
		{ACDC14CE-9CF4-3F0E-B772-6221F5C70B35}.Debug|Any CPU.Build.0 = Release|x64
		{ACDC14CE-9CF4-3F0E-B772-6221F5C70B35}.Debug|x64.ActiveCfg = Release|x64
		{ACDC14CE-9CF4-3F0E-B772-6221F5C70B35}.Debug|x64.Build.0 = Release|x64
		{ACDC14CE-9CF4-3F0E-B772-6221F5C70B35}.Release|Any CPU.ActiveCfg = Release|x64
		{ACDC14CE-9CF4-3F0E-B772-6221F5C70B35}.Release|x64.ActiveCfg = Release|x64
		{ACDC14CE-9CF4-3F0E-B772-6221F5C70B35}.Release|x64.Build.0 = Release|x64
		{F3B4FF55-346B-44A6-A8ED-6CEAFED7D8A1}.Debug|Any CPU.ActiveCfg = Debug|Any CPU
		{F3B4FF55-346B-44A6-A8ED-6CEAFED7D8A1}.Debug|Any CPU.Build.0 = Debug|Any CPU
		{F3B4FF55-346B-44A6-A8ED-6CEAFED7D8A1}.Debug|x64.ActiveCfg = Debug|Any CPU
		{F3B4FF55-346B-44A6-A8ED-6CEAFED7D8A1}.Debug|x64.Build.0 = Debug|Any CPU
		{F3B4FF55-346B-44A6-A8ED-6CEAFED7D8A1}.Release|Any CPU.ActiveCfg = Release|Any CPU
		{F3B4FF55-346B-44A6-A8ED-6CEAFED7D8A1}.Release|Any CPU.Build.0 = Release|Any CPU
		{F3B4FF55-346B-44A6-A8ED-6CEAFED7D8A1}.Release|x64.ActiveCfg = Release|Any CPU
		{F3B4FF55-346B-44A6-A8ED-6CEAFED7D8A1}.Release|x64.Build.0 = Release|Any CPU
	EndGlobalSection
	GlobalSection(SolutionProperties) = preSolution
		HideSolutionNode = FALSE
	EndGlobalSection
	GlobalSection(NestedProjects) = preSolution
		{083C487B-2201-36CA-915B-72BA725FEB6E} = {D7B3D847-DC1B-3F0E-8E32-90295C8679B1}
		{B29716AE-0A22-3548-8672-9DB18A288E41} = {083C487B-2201-36CA-915B-72BA725FEB6E}
		{D23744E2-5E81-3FB3-ABA3-D3E7953F2DA0} = {B29716AE-0A22-3548-8672-9DB18A288E41}
		{C00C8821-048A-3D46-AE03-403F329A5652} = {D7B3D847-DC1B-3F0E-8E32-90295C8679B1}
		{E0175304-20B1-3808-B7CD-CC082DF4FB38} = {C00C8821-048A-3D46-AE03-403F329A5652}
		{45895D49-A796-3100-AAD7-02924916E160} = {E0175304-20B1-3808-B7CD-CC082DF4FB38}
		{B50993F9-FD4D-3533-8964-AB7F12FAA011} = {D7B3D847-DC1B-3F0E-8E32-90295C8679B1}
		{D7427FF6-3A11-383F-A493-4184164CBB75} = {B50993F9-FD4D-3533-8964-AB7F12FAA011}
		{44893140-CFEC-3BDF-B632-2BB2B0242690} = {D7427FF6-3A11-383F-A493-4184164CBB75}
		{2F8D0AC9-4ACB-378D-9DE4-AD58EFDAE8FE} = {D7B3D847-DC1B-3F0E-8E32-90295C8679B1}
		{CEDA36D5-2E8A-3226-8210-65BC3220630A} = {2F8D0AC9-4ACB-378D-9DE4-AD58EFDAE8FE}
		{C4953668-E280-3FDC-9629-FC1D5F92CF0F} = {E0175304-20B1-3808-B7CD-CC082DF4FB38}
		{2FB0FDCF-CD56-3D11-962A-AA3B8BFFB153} = {E0175304-20B1-3808-B7CD-CC082DF4FB38}
		{882C5EFF-8538-3245-A00E-44A3E055FD2F} = {B29716AE-0A22-3548-8672-9DB18A288E41}
		{0CB53F11-6369-306F-A8E7-91508C7202D5} = {B29716AE-0A22-3548-8672-9DB18A288E41}
		{DA03C02E-7B23-3A92-BD52-F3B22C52D8CA} = {B29716AE-0A22-3548-8672-9DB18A288E41}
		{81F7388A-ECF2-3EFB-8B83-0E391BB1D3CB} = {B29716AE-0A22-3548-8672-9DB18A288E41}
		{55F38670-0EF6-38B9-9917-3D84BB5959B2} = {B29716AE-0A22-3548-8672-9DB18A288E41}
		{BBC2593E-B7AE-370F-9191-0C101A0BCA6C} = {E0175304-20B1-3808-B7CD-CC082DF4FB38}
		{12CE34F7-ACBF-3043-9D6F-4F4D347C4868} = {E0175304-20B1-3808-B7CD-CC082DF4FB38}
		{29CE7C61-1500-3EF6-B1B1-77E0DE1EBF70} = {E0175304-20B1-3808-B7CD-CC082DF4FB38}
		{5AC87CF0-5EC1-3A2F-8DEA-A112953123C4} = {E0175304-20B1-3808-B7CD-CC082DF4FB38}
		{2A5DD431-6A92-3B45-9DA0-A4676F03E3FC} = {885FCF9E-4AE9-3031-9A40-06A2A0D4201E}
		{92258124-6E35-3424-9257-5BD4C5A4843B} = {D23744E2-5E81-3FB3-ABA3-D3E7953F2DA0}
		{0594C92F-CBC6-3ADF-A951-AC498181C9B7} = {D23744E2-5E81-3FB3-ABA3-D3E7953F2DA0}
		{D03C0BB6-5C5B-3234-A5E9-384C8918995A} = {45895D49-A796-3100-AAD7-02924916E160}
		{1B68B1C7-C61D-3726-91F8-A35CB6CFB18A} = {45895D49-A796-3100-AAD7-02924916E160}
		{528F2B09-4C6C-3105-89D8-A8E413B826A8} = {885FCF9E-4AE9-3031-9A40-06A2A0D4201E}
		{5C176FBF-5418-3A78-802F-7152E633C8B3} = {E0175304-20B1-3808-B7CD-CC082DF4FB38}
		{7C25B65F-B7C1-3B1E-8455-8140B32C2768} = {E0175304-20B1-3808-B7CD-CC082DF4FB38}
		{FA28037F-C462-3FD1-B2AC-15FDC045466E} = {CEDA36D5-2E8A-3226-8210-65BC3220630A}
		{BCD2C74E-2E3F-314A-9CF7-8A4614AB33F8} = {CEDA36D5-2E8A-3226-8210-65BC3220630A}
		{D1043837-A22F-3795-A3BF-ED8B60C60462} = {E0175304-20B1-3808-B7CD-CC082DF4FB38}
		{15710267-D014-3029-A0F5-1F3E181B1041} = {E0175304-20B1-3808-B7CD-CC082DF4FB38}
		{5C84E7DE-1BEB-325E-8316-06D434B090AE} = {44893140-CFEC-3BDF-B632-2BB2B0242690}
		{9745D3F8-C014-3608-944E-A393A0C8058E} = {44893140-CFEC-3BDF-B632-2BB2B0242690}
		{8FE9DF6C-119E-3A20-994A-FC0DDA6ADAE6} = {E0175304-20B1-3808-B7CD-CC082DF4FB38}
		{63A842B1-7219-3EB7-83DA-7C7E3632974C} = {E0175304-20B1-3808-B7CD-CC082DF4FB38}
		{474DD0A3-72F5-3A77-8C0F-6926093823B1} = {B29716AE-0A22-3548-8672-9DB18A288E41}
		{2DBEF32A-4882-3ED2-96B3-4AEBE0C309BE} = {E0175304-20B1-3808-B7CD-CC082DF4FB38}
		{ACDC14CE-9CF4-3F0E-B772-6221F5C70B35} = {E0175304-20B1-3808-B7CD-CC082DF4FB38}
	EndGlobalSection
	GlobalSection(ExtensibilityGlobals) = postSolution
		SolutionGuid = {2C971D47-C33A-324B-87EA-BBF0F9E148D5}
	EndGlobalSection
EndGlobal
