<?xml version="1.0" encoding="utf-8"?>
<Project ToolsVersion="16.0" xmlns="http://schemas.microsoft.com/developer/msbuild/2003">
  <ItemGroup>
    <ClCompile Include="..\..\..\..\..\..\Kernel\Extensions\ExRender\WinGDI\WinGDI.cpp">
      <Filter>Source Files</Filter>
    </ClCompile>
    <ClCompile Include="..\..\..\..\..\..\Kernel\Extensions\ExRender\WinGDI\ExGsGDIVectorizeDevice.cpp">
      <Filter>Source Files</Filter>
    </ClCompile>
    <ClCompile Include="..\..\..\..\..\..\Kernel\Extensions\ExRender\WinGDI\ExGiGDIGeometry.cpp">
      <Filter>Source Files</Filter>
    </ClCompile>
    <ClCompile Include="..\..\..\..\..\..\Kernel\Extensions\ExRender\WinGDI\ExGiGDIViewportClipper.cpp">
      <Filter>Source Files</Filter>
    </ClCompile>
    <ClCompile Include="..\..\..\..\..\..\Kernel\Extensions\ExRender\win\ExGsWin32Device.cpp">
      <Filter>Source Files</Filter>
    </ClCompile>
    <ClCompile Include="..\..\..\..\..\..\Kernel\Extensions\ExRender\win\ExGsBitmapDevice.cpp">
      <Filter>Source Files</Filter>
    </ClCompile>
    <ClCompile Include="..\..\..\..\..\..\Kernel\Extensions\ExRender\CommonDeviceProps.cpp">
      <Filter>Source Files</Filter>
    </ClCompile>
    <ClCompile Include="..\..\..\..\..\..\Kernel\Extensions\ExRender\TtfFontsCache.cpp">
      <Filter>Source Files</Filter>
    </ClCompile>
    <ClCompile Include="..\..\..\..\..\..\Kernel\Extensions\ExRender\ExGsGradientRender.cpp">
      <Filter>Source Files</Filter>
    </ClCompile>
    <ClCompile Include="..\..\..\..\..\..\Kernel\Extensions\ExRender\WinGDI\ExGiGDIDC.cpp">
      <Filter>Source Files</Filter>
    </ClCompile>
  </ItemGroup>
  <ItemGroup>
    <ClInclude Include="..\..\..\..\..\..\Kernel\Extensions\ExRender\WinGDI\ExGsGDIVectorizeDevice.h">
      <Filter>Header Files</Filter>
    </ClInclude>
    <ClInclude Include="..\..\..\..\..\..\Kernel\Extensions\ExRender\WinGDI\ExGiGDIGeometry.h">
      <Filter>Header Files</Filter>
    </ClInclude>
    <ClInclude Include="..\..\..\..\..\..\Kernel\Extensions\ExRender\WinGDI\ExGiGDIViewportClipper.h">
      <Filter>Header Files</Filter>
    </ClInclude>
    <ClInclude Include="..\..\..\..\..\..\Kernel\Extensions\ExRender\win\ExGsWin32Device.h">
      <Filter>Header Files</Filter>
    </ClInclude>
    <ClInclude Include="..\..\..\..\..\..\Kernel\Extensions\ExRender\win\ExGsBitmapDevice.h">
      <Filter>Header Files</Filter>
    </ClInclude>
    <ClInclude Include="..\..\..\..\..\..\Kernel\Extensions\ExRender\CommonDeviceProps.h">
      <Filter>Header Files</Filter>
    </ClInclude>
    <ClInclude Include="..\..\..\..\..\..\Kernel\Extensions\ExRender\TtfFontsCache.h">
      <Filter>Header Files</Filter>
    </ClInclude>
    <ClInclude Include="..\..\..\..\..\..\Kernel\Extensions\ExRender\ExGsGradientRender.h">
      <Filter>Header Files</Filter>
    </ClInclude>
    <ClInclude Include="..\..\..\..\..\..\Kernel\Extensions\ExRender\WinGDI\ExGiGDIDC.h">
      <Filter>Header Files</Filter>
    </ClInclude>
  </ItemGroup>
  <ItemGroup>
    <ResourceCompile Include="..\..\..\..\..\..\Kernel\Extensions\ExRender\WinGDI\WinGDI.rc">
      <Filter>Source Files</Filter>
    </ResourceCompile>
  </ItemGroup>
  <ItemGroup>
    <Filter Include="Header Files">
      <UniqueIdentifier>{1A32CBEC-C2A0-3095-993C-F243349A55EA}</UniqueIdentifier>
    </Filter>
    <Filter Include="Source Files">
      <UniqueIdentifier>{1639121A-EED5-3D66-A2CF-D99E22142183}</UniqueIdentifier>
    </Filter>
  </ItemGroup>
</Project>
